
Microsoft Visual Studio Solution File, Format Version 12.00
# Blend for Visual Studio Version 17
VisualStudioVersion = 17.1.32210.238
MinimumVisualStudioVersion = 10.0.40219.1
Project("{FAE04EC0-301F-11D3-BF4B-00C04F79EFBC}") = "Names", "Names.csproj", "{F4181ADB-DA3E-40F8-95B2-BE6071BBE72B}"
EndProject
Global
	GlobalSection(SolutionConfigurationPlatforms) = preSolution
		Debug|Any CPU = Debug|Any CPU
		Release|Any CPU = Release|Any CPU
	EndGlobalSection
	GlobalSection(ProjectConfigurationPlatforms) = postSolution
		{F4181ADB-DA3E-40F8-95B2-BE6071BBE72B}.Debug|Any CPU.ActiveCfg = Debug|Any CPU
		{F4181ADB-DA3E-40F8-95B2-BE6071BBE72B}.Debug|Any CPU.Build.0 = Debug|Any CPU
		{F4181ADB-DA3E-40F8-95B2-BE6071BBE72B}.Release|Any CPU.ActiveCfg = Release|Any CPU
		{F4181ADB-DA3E-40F8-95B2-BE6071BBE72B}.Release|Any CPU.Build.0 = Release|Any CPU
	EndGlobalSection
	GlobalSection(SolutionProperties) = preSolution
		HideSolutionNode = FALSE
	EndGlobalSection
	GlobalSection(ExtensibilityGlobals) = postSolution
		SolutionGuid = {07D41FC4-CD0D-4AE4-94A9-EA8E042DCDFA}
	EndGlobalSection
EndGlobal
